
Microsoft Visual Studio Solution File, Format Version 12.00
# Visual Studio Version 17
VisualStudioVersion = 17.10.34607.79
MinimumVisualStudioVersion = 10.0.40219.1
Project("{2150E333-8FDC-42A3-9474-1A3956D46DE8}") = "src", "src", "{183F5727-222F-4A1C-ABD6-61F7DE009A4A}"
EndProject
Project("{2150E333-8FDC-42A3-9474-1A3956D46DE8}") = "Product.Command", "Product.Command", "{99DE8A85-829B-4632-BE8D-59C3F85A72D5}"
EndProject
Project("{9A19103F-16F7-4668-BE54-9A1E7A4F7556}") = "ProductAPI", "Product.Command\ProductAPI\ProductAPI.csproj", "{233EA315-58CD-4F3D-A718-4752BD326B3E}"
EndProject
Project("{2150E333-8FDC-42A3-9474-1A3956D46DE8}") = "Product.Query", "Product.Query", "{40007132-6A9A-4CA7-9DBB-805CC419E5A8}"
EndProject
Project("{9A19103F-16F7-4668-BE54-9A1E7A4F7556}") = "ProductAPI", "Product.Query\ProductAPI\ProductAPI.csproj", "{5FF52584-D1CF-464D-93E4-E8ADC89E59CB}"
EndProject
Project("{9A19103F-16F7-4668-BE54-9A1E7A4F7556}") = "Application", "Product.Command\Application\Application.csproj", "{255A2000-33D6-4585-AE5B-F42968872BB4}"
EndProject
Project("{9A19103F-16F7-4668-BE54-9A1E7A4F7556}") = "Domain", "Product.Command\Domain\Domain.csproj", "{70C4E056-1390-4EFE-A20E-F7CB00957111}"
EndProject
Project("{9A19103F-16F7-4668-BE54-9A1E7A4F7556}") = "Infrastructure", "Product.Command\Infrastructure\Infrastructure.csproj", "{4A2DC22D-92B8-4016-BC4B-21AFA152972A}"
EndProject
Project("{9A19103F-16F7-4668-BE54-9A1E7A4F7556}") = "Application", "Product.Query\Applcation\Application.csproj", "{80883AA8-FF6C-4932-AC85-BECB3CF4C359}"
EndProject
Project("{9A19103F-16F7-4668-BE54-9A1E7A4F7556}") = "Domain", "Product.Query\Domain\Domain.csproj", "{7DD00C88-713C-483A-BCC3-E496BF62036D}"
EndProject
Project("{9A19103F-16F7-4668-BE54-9A1E7A4F7556}") = "Infrastructure", "Product.Query\Infrastructure\Infrastructure.csproj", "{9D034FF4-702D-4757-9F14-1ADEECBAE18B}"
EndProject
Project("{2150E333-8FDC-42A3-9474-1A3956D46DE8}") = "Product.Scripts", "Product.Scripts", "{1605C863-F909-460A-A6E7-2128C4C0ED91}"
	ProjectSection(SolutionItems) = preProject
		ProductDBScripts.sql = ProductDBScripts.sql
	EndProjectSection
EndProject
Global
	GlobalSection(SolutionConfigurationPlatforms) = preSolution
		Debug|Any CPU = Debug|Any CPU
		Release|Any CPU = Release|Any CPU
	EndGlobalSection
	GlobalSection(ProjectConfigurationPlatforms) = postSolution
		{233EA315-58CD-4F3D-A718-4752BD326B3E}.Debug|Any CPU.ActiveCfg = Debug|Any CPU
		{233EA315-58CD-4F3D-A718-4752BD326B3E}.Debug|Any CPU.Build.0 = Debug|Any CPU
		{233EA315-58CD-4F3D-A718-4752BD326B3E}.Release|Any CPU.ActiveCfg = Release|Any CPU
		{233EA315-58CD-4F3D-A718-4752BD326B3E}.Release|Any CPU.Build.0 = Release|Any CPU
		{5FF52584-D1CF-464D-93E4-E8ADC89E59CB}.Debug|Any CPU.ActiveCfg = Debug|Any CPU
		{5FF52584-D1CF-464D-93E4-E8ADC89E59CB}.Debug|Any CPU.Build.0 = Debug|Any CPU
		{5FF52584-D1CF-464D-93E4-E8ADC89E59CB}.Release|Any CPU.ActiveCfg = Release|Any CPU
		{5FF52584-D1CF-464D-93E4-E8ADC89E59CB}.Release|Any CPU.Build.0 = Release|Any CPU
		{255A2000-33D6-4585-AE5B-F42968872BB4}.Debug|Any CPU.ActiveCfg = Debug|Any CPU
		{255A2000-33D6-4585-AE5B-F42968872BB4}.Debug|Any CPU.Build.0 = Debug|Any CPU
		{255A2000-33D6-4585-AE5B-F42968872BB4}.Release|Any CPU.ActiveCfg = Release|Any CPU
		{255A2000-33D6-4585-AE5B-F42968872BB4}.Release|Any CPU.Build.0 = Release|Any CPU
		{70C4E056-1390-4EFE-A20E-F7CB00957111}.Debug|Any CPU.ActiveCfg = Debug|Any CPU
		{70C4E056-1390-4EFE-A20E-F7CB00957111}.Debug|Any CPU.Build.0 = Debug|Any CPU
		{70C4E056-1390-4EFE-A20E-F7CB00957111}.Release|Any CPU.ActiveCfg = Release|Any CPU
		{70C4E056-1390-4EFE-A20E-F7CB00957111}.Release|Any CPU.Build.0 = Release|Any CPU
		{4A2DC22D-92B8-4016-BC4B-21AFA152972A}.Debug|Any CPU.ActiveCfg = Debug|Any CPU
		{4A2DC22D-92B8-4016-BC4B-21AFA152972A}.Debug|Any CPU.Build.0 = Debug|Any CPU
		{4A2DC22D-92B8-4016-BC4B-21AFA152972A}.Release|Any CPU.ActiveCfg = Release|Any CPU
		{4A2DC22D-92B8-4016-BC4B-21AFA152972A}.Release|Any CPU.Build.0 = Release|Any CPU
		{80883AA8-FF6C-4932-AC85-BECB3CF4C359}.Debug|Any CPU.ActiveCfg = Debug|Any CPU
		{80883AA8-FF6C-4932-AC85-BECB3CF4C359}.Debug|Any CPU.Build.0 = Debug|Any CPU
		{80883AA8-FF6C-4932-AC85-BECB3CF4C359}.Release|Any CPU.ActiveCfg = Release|Any CPU
		{80883AA8-FF6C-4932-AC85-BECB3CF4C359}.Release|Any CPU.Build.0 = Release|Any CPU
		{7DD00C88-713C-483A-BCC3-E496BF62036D}.Debug|Any CPU.ActiveCfg = Debug|Any CPU
		{7DD00C88-713C-483A-BCC3-E496BF62036D}.Debug|Any CPU.Build.0 = Debug|Any CPU
		{7DD00C88-713C-483A-BCC3-E496BF62036D}.Release|Any CPU.ActiveCfg = Release|Any CPU
		{7DD00C88-713C-483A-BCC3-E496BF62036D}.Release|Any CPU.Build.0 = Release|Any CPU
		{9D034FF4-702D-4757-9F14-1ADEECBAE18B}.Debug|Any CPU.ActiveCfg = Debug|Any CPU
		{9D034FF4-702D-4757-9F14-1ADEECBAE18B}.Debug|Any CPU.Build.0 = Debug|Any CPU
		{9D034FF4-702D-4757-9F14-1ADEECBAE18B}.Release|Any CPU.ActiveCfg = Release|Any CPU
		{9D034FF4-702D-4757-9F14-1ADEECBAE18B}.Release|Any CPU.Build.0 = Release|Any CPU
	EndGlobalSection
	GlobalSection(SolutionProperties) = preSolution
		HideSolutionNode = FALSE
	EndGlobalSection
	GlobalSection(NestedProjects) = preSolution
		{99DE8A85-829B-4632-BE8D-59C3F85A72D5} = {183F5727-222F-4A1C-ABD6-61F7DE009A4A}
		{233EA315-58CD-4F3D-A718-4752BD326B3E} = {99DE8A85-829B-4632-BE8D-59C3F85A72D5}
		{40007132-6A9A-4CA7-9DBB-805CC419E5A8} = {183F5727-222F-4A1C-ABD6-61F7DE009A4A}
		{5FF52584-D1CF-464D-93E4-E8ADC89E59CB} = {40007132-6A9A-4CA7-9DBB-805CC419E5A8}
		{255A2000-33D6-4585-AE5B-F42968872BB4} = {99DE8A85-829B-4632-BE8D-59C3F85A72D5}
		{70C4E056-1390-4EFE-A20E-F7CB00957111} = {99DE8A85-829B-4632-BE8D-59C3F85A72D5}
		{4A2DC22D-92B8-4016-BC4B-21AFA152972A} = {99DE8A85-829B-4632-BE8D-59C3F85A72D5}
		{80883AA8-FF6C-4932-AC85-BECB3CF4C359} = {40007132-6A9A-4CA7-9DBB-805CC419E5A8}
		{7DD00C88-713C-483A-BCC3-E496BF62036D} = {40007132-6A9A-4CA7-9DBB-805CC419E5A8}
		{9D034FF4-702D-4757-9F14-1ADEECBAE18B} = {40007132-6A9A-4CA7-9DBB-805CC419E5A8}
		{1605C863-F909-460A-A6E7-2128C4C0ED91} = {183F5727-222F-4A1C-ABD6-61F7DE009A4A}
	EndGlobalSection
	GlobalSection(ExtensibilityGlobals) = postSolution
		SolutionGuid = {14DA3339-8723-4B73-B3E8-A80887764B5C}
	EndGlobalSection
EndGlobal
